
Microsoft Visual Studio Solution File, Format Version 12.00
# Visual Studio Version 16
VisualStudioVersion = 16.0.30907.101
MinimumVisualStudioVersion = 10.0.40219.1
Project("{9A19103F-16F7-4668-BE54-9A1E7A4F7556}") = "BlueMile.Certification.Mobile", "Mobile\Shared\BlueMile.Certification.Mobile.csproj", "{52CC8990-AC3F-43BF-9480-600B11652CE8}"
EndProject
Project("{FAE04EC0-301F-11D3-BF4B-00C04F79EFBC}") = "BlueMile.Certification.Mobile.Android", "Mobile\Android\BlueMile.Certification.Mobile.Android.csproj", "{2C32081E-7975-43DC-8875-15F742EBB4D7}"
EndProject
Project("{FAE04EC0-301F-11D3-BF4B-00C04F79EFBC}") = "BlueMile.Certification.Mobile.iOS", "Mobile\iOS\BlueMile.Certification.Mobile.iOS.csproj", "{93ACC74F-727E-494E-B89C-F7F96640628E}"
EndProject
Project("{9A19103F-16F7-4668-BE54-9A1E7A4F7556}") = "BlueMile.Certification.Data", "Data\BlueMile.Certification.Data.csproj", "{8AF40333-6C40-46B2-9806-94EC06376A86}"
EndProject
Project("{9A19103F-16F7-4668-BE54-9A1E7A4F7556}") = "BlueMile.Certification.Admin.Services", "Admin.Services\BlueMile.Certification.Admin.Services.csproj", "{EA253EA1-E4A6-45E7-A6E9-AC90EC932E09}"
EndProject
Project("{9A19103F-16F7-4668-BE54-9A1E7A4F7556}") = "BlueMile.Certification.Admin.Web", "Admin.Web\BlueMile.Certification.Admin.Web.csproj", "{16AEDF64-DEE2-4320-8505-00F8F0DE9BA5}"
EndProject
Project("{9A19103F-16F7-4668-BE54-9A1E7A4F7556}") = "BlueMile.Certification.Web.ApiClient", "ApiClient\BlueMile.Certification.Web.ApiClient.csproj", "{2E403336-3C44-4AAD-BF25-003D432B185C}"
EndProject
Project("{9A19103F-16F7-4668-BE54-9A1E7A4F7556}") = "BlueMile.Certification.Web.ApiModels", "ApiModels\BlueMile.Certification.Web.ApiModels.csproj", "{A20302FB-DAE3-4DD5-8309-80B3EFFC0842}"
EndProject
Project("{9A19103F-16F7-4668-BE54-9A1E7A4F7556}") = "BlueMile.Certification.WebApi", "WebApi\BlueMile.Certification.WebApi.csproj", "{42F2E010-CB98-4FD9-B56C-0E7504A1CFDA}"
EndProject
Global
	GlobalSection(SolutionConfigurationPlatforms) = preSolution
		Debug|Any CPU = Debug|Any CPU
		Debug|iPhone = Debug|iPhone
		Debug|iPhoneSimulator = Debug|iPhoneSimulator
		Release|Any CPU = Release|Any CPU
		Release|iPhone = Release|iPhone
		Release|iPhoneSimulator = Release|iPhoneSimulator
	EndGlobalSection
	GlobalSection(ProjectConfigurationPlatforms) = postSolution
		{52CC8990-AC3F-43BF-9480-600B11652CE8}.Debug|Any CPU.ActiveCfg = Debug|Any CPU
		{52CC8990-AC3F-43BF-9480-600B11652CE8}.Debug|Any CPU.Build.0 = Debug|Any CPU
		{52CC8990-AC3F-43BF-9480-600B11652CE8}.Debug|iPhone.ActiveCfg = Debug|Any CPU
		{52CC8990-AC3F-43BF-9480-600B11652CE8}.Debug|iPhone.Build.0 = Debug|Any CPU
		{52CC8990-AC3F-43BF-9480-600B11652CE8}.Debug|iPhoneSimulator.ActiveCfg = Debug|Any CPU
		{52CC8990-AC3F-43BF-9480-600B11652CE8}.Debug|iPhoneSimulator.Build.0 = Debug|Any CPU
		{52CC8990-AC3F-43BF-9480-600B11652CE8}.Release|Any CPU.ActiveCfg = Release|Any CPU
		{52CC8990-AC3F-43BF-9480-600B11652CE8}.Release|Any CPU.Build.0 = Release|Any CPU
		{52CC8990-AC3F-43BF-9480-600B11652CE8}.Release|iPhone.ActiveCfg = Release|Any CPU
		{52CC8990-AC3F-43BF-9480-600B11652CE8}.Release|iPhone.Build.0 = Release|Any CPU
		{52CC8990-AC3F-43BF-9480-600B11652CE8}.Release|iPhoneSimulator.ActiveCfg = Release|Any CPU
		{52CC8990-AC3F-43BF-9480-600B11652CE8}.Release|iPhoneSimulator.Build.0 = Release|Any CPU
		{2C32081E-7975-43DC-8875-15F742EBB4D7}.Debug|Any CPU.ActiveCfg = Debug|Any CPU
		{2C32081E-7975-43DC-8875-15F742EBB4D7}.Debug|Any CPU.Build.0 = Debug|Any CPU
		{2C32081E-7975-43DC-8875-15F742EBB4D7}.Debug|Any CPU.Deploy.0 = Debug|Any CPU
		{2C32081E-7975-43DC-8875-15F742EBB4D7}.Debug|iPhone.ActiveCfg = Debug|Any CPU
		{2C32081E-7975-43DC-8875-15F742EBB4D7}.Debug|iPhone.Build.0 = Debug|Any CPU
		{2C32081E-7975-43DC-8875-15F742EBB4D7}.Debug|iPhone.Deploy.0 = Debug|Any CPU
		{2C32081E-7975-43DC-8875-15F742EBB4D7}.Debug|iPhoneSimulator.ActiveCfg = Debug|Any CPU
		{2C32081E-7975-43DC-8875-15F742EBB4D7}.Debug|iPhoneSimulator.Build.0 = Debug|Any CPU
		{2C32081E-7975-43DC-8875-15F742EBB4D7}.Debug|iPhoneSimulator.Deploy.0 = Debug|Any CPU
		{2C32081E-7975-43DC-8875-15F742EBB4D7}.Release|Any CPU.ActiveCfg = Release|Any CPU
		{2C32081E-7975-43DC-8875-15F742EBB4D7}.Release|Any CPU.Build.0 = Release|Any CPU
		{2C32081E-7975-43DC-8875-15F742EBB4D7}.Release|Any CPU.Deploy.0 = Release|Any CPU
		{2C32081E-7975-43DC-8875-15F742EBB4D7}.Release|iPhone.ActiveCfg = Release|Any CPU
		{2C32081E-7975-43DC-8875-15F742EBB4D7}.Release|iPhone.Build.0 = Release|Any CPU
		{2C32081E-7975-43DC-8875-15F742EBB4D7}.Release|iPhone.Deploy.0 = Release|Any CPU
		{2C32081E-7975-43DC-8875-15F742EBB4D7}.Release|iPhoneSimulator.ActiveCfg = Release|Any CPU
		{2C32081E-7975-43DC-8875-15F742EBB4D7}.Release|iPhoneSimulator.Build.0 = Release|Any CPU
		{2C32081E-7975-43DC-8875-15F742EBB4D7}.Release|iPhoneSimulator.Deploy.0 = Release|Any CPU
		{93ACC74F-727E-494E-B89C-F7F96640628E}.Debug|Any CPU.ActiveCfg = Debug|iPhoneSimulator
		{93ACC74F-727E-494E-B89C-F7F96640628E}.Debug|iPhone.ActiveCfg = Debug|iPhone
		{93ACC74F-727E-494E-B89C-F7F96640628E}.Debug|iPhone.Build.0 = Debug|iPhone
		{93ACC74F-727E-494E-B89C-F7F96640628E}.Debug|iPhoneSimulator.ActiveCfg = Debug|iPhoneSimulator
		{93ACC74F-727E-494E-B89C-F7F96640628E}.Debug|iPhoneSimulator.Build.0 = Debug|iPhoneSimulator
		{93ACC74F-727E-494E-B89C-F7F96640628E}.Release|Any CPU.ActiveCfg = Release|iPhoneSimulator
		{93ACC74F-727E-494E-B89C-F7F96640628E}.Release|iPhone.ActiveCfg = Release|iPhone
		{93ACC74F-727E-494E-B89C-F7F96640628E}.Release|iPhone.Build.0 = Release|iPhone
		{93ACC74F-727E-494E-B89C-F7F96640628E}.Release|iPhoneSimulator.ActiveCfg = Release|iPhoneSimulator
		{93ACC74F-727E-494E-B89C-F7F96640628E}.Release|iPhoneSimulator.Build.0 = Release|iPhoneSimulator
		{8AF40333-6C40-46B2-9806-94EC06376A86}.Debug|Any CPU.ActiveCfg = Debug|Any CPU
		{8AF40333-6C40-46B2-9806-94EC06376A86}.Debug|Any CPU.Build.0 = Debug|Any CPU
		{8AF40333-6C40-46B2-9806-94EC06376A86}.Debug|iPhone.ActiveCfg = Debug|Any CPU
		{8AF40333-6C40-46B2-9806-94EC06376A86}.Debug|iPhone.Build.0 = Debug|Any CPU
		{8AF40333-6C40-46B2-9806-94EC06376A86}.Debug|iPhoneSimulator.ActiveCfg = Debug|Any CPU
		{8AF40333-6C40-46B2-9806-94EC06376A86}.Debug|iPhoneSimulator.Build.0 = Debug|Any CPU
		{8AF40333-6C40-46B2-9806-94EC06376A86}.Release|Any CPU.ActiveCfg = Release|Any CPU
		{8AF40333-6C40-46B2-9806-94EC06376A86}.Release|Any CPU.Build.0 = Release|Any CPU
		{8AF40333-6C40-46B2-9806-94EC06376A86}.Release|iPhone.ActiveCfg = Release|Any CPU
		{8AF40333-6C40-46B2-9806-94EC06376A86}.Release|iPhone.Build.0 = Release|Any CPU
		{8AF40333-6C40-46B2-9806-94EC06376A86}.Release|iPhoneSimulator.ActiveCfg = Release|Any CPU
		{8AF40333-6C40-46B2-9806-94EC06376A86}.Release|iPhoneSimulator.Build.0 = Release|Any CPU
		{EA253EA1-E4A6-45E7-A6E9-AC90EC932E09}.Debug|Any CPU.ActiveCfg = Debug|Any CPU
		{EA253EA1-E4A6-45E7-A6E9-AC90EC932E09}.Debug|Any CPU.Build.0 = Debug|Any CPU
		{EA253EA1-E4A6-45E7-A6E9-AC90EC932E09}.Debug|iPhone.ActiveCfg = Debug|Any CPU
		{EA253EA1-E4A6-45E7-A6E9-AC90EC932E09}.Debug|iPhone.Build.0 = Debug|Any CPU
		{EA253EA1-E4A6-45E7-A6E9-AC90EC932E09}.Debug|iPhoneSimulator.ActiveCfg = Debug|Any CPU
		{EA253EA1-E4A6-45E7-A6E9-AC90EC932E09}.Debug|iPhoneSimulator.Build.0 = Debug|Any CPU
		{EA253EA1-E4A6-45E7-A6E9-AC90EC932E09}.Release|Any CPU.ActiveCfg = Release|Any CPU
		{EA253EA1-E4A6-45E7-A6E9-AC90EC932E09}.Release|Any CPU.Build.0 = Release|Any CPU
		{EA253EA1-E4A6-45E7-A6E9-AC90EC932E09}.Release|iPhone.ActiveCfg = Release|Any CPU
		{EA253EA1-E4A6-45E7-A6E9-AC90EC932E09}.Release|iPhone.Build.0 = Release|Any CPU
		{EA253EA1-E4A6-45E7-A6E9-AC90EC932E09}.Release|iPhoneSimulator.ActiveCfg = Release|Any CPU
		{EA253EA1-E4A6-45E7-A6E9-AC90EC932E09}.Release|iPhoneSimulator.Build.0 = Release|Any CPU
		{16AEDF64-DEE2-4320-8505-00F8F0DE9BA5}.Debug|Any CPU.ActiveCfg = Debug|Any CPU
		{16AEDF64-DEE2-4320-8505-00F8F0DE9BA5}.Debug|Any CPU.Build.0 = Debug|Any CPU
		{16AEDF64-DEE2-4320-8505-00F8F0DE9BA5}.Debug|iPhone.ActiveCfg = Debug|Any CPU
		{16AEDF64-DEE2-4320-8505-00F8F0DE9BA5}.Debug|iPhone.Build.0 = Debug|Any CPU
		{16AEDF64-DEE2-4320-8505-00F8F0DE9BA5}.Debug|iPhoneSimulator.ActiveCfg = Debug|Any CPU
		{16AEDF64-DEE2-4320-8505-00F8F0DE9BA5}.Debug|iPhoneSimulator.Build.0 = Debug|Any CPU
		{16AEDF64-DEE2-4320-8505-00F8F0DE9BA5}.Release|Any CPU.ActiveCfg = Release|Any CPU
		{16AEDF64-DEE2-4320-8505-00F8F0DE9BA5}.Release|Any CPU.Build.0 = Release|Any CPU
		{16AEDF64-DEE2-4320-8505-00F8F0DE9BA5}.Release|iPhone.ActiveCfg = Release|Any CPU
		{16AEDF64-DEE2-4320-8505-00F8F0DE9BA5}.Release|iPhone.Build.0 = Release|Any CPU
		{16AEDF64-DEE2-4320-8505-00F8F0DE9BA5}.Release|iPhoneSimulator.ActiveCfg = Release|Any CPU
		{16AEDF64-DEE2-4320-8505-00F8F0DE9BA5}.Release|iPhoneSimulator.Build.0 = Release|Any CPU
		{2E403336-3C44-4AAD-BF25-003D432B185C}.Debug|Any CPU.ActiveCfg = Debug|Any CPU
		{2E403336-3C44-4AAD-BF25-003D432B185C}.Debug|Any CPU.Build.0 = Debug|Any CPU
		{2E403336-3C44-4AAD-BF25-003D432B185C}.Debug|iPhone.ActiveCfg = Debug|Any CPU
		{2E403336-3C44-4AAD-BF25-003D432B185C}.Debug|iPhone.Build.0 = Debug|Any CPU
		{2E403336-3C44-4AAD-BF25-003D432B185C}.Debug|iPhoneSimulator.ActiveCfg = Debug|Any CPU
		{2E403336-3C44-4AAD-BF25-003D432B185C}.Debug|iPhoneSimulator.Build.0 = Debug|Any CPU
		{2E403336-3C44-4AAD-BF25-003D432B185C}.Release|Any CPU.ActiveCfg = Release|Any CPU
		{2E403336-3C44-4AAD-BF25-003D432B185C}.Release|Any CPU.Build.0 = Release|Any CPU
		{2E403336-3C44-4AAD-BF25-003D432B185C}.Release|iPhone.ActiveCfg = Release|Any CPU
		{2E403336-3C44-4AAD-BF25-003D432B185C}.Release|iPhone.Build.0 = Release|Any CPU
		{2E403336-3C44-4AAD-BF25-003D432B185C}.Release|iPhoneSimulator.ActiveCfg = Release|Any CPU
		{2E403336-3C44-4AAD-BF25-003D432B185C}.Release|iPhoneSimulator.Build.0 = Release|Any CPU
		{A20302FB-DAE3-4DD5-8309-80B3EFFC0842}.Debug|Any CPU.ActiveCfg = Debug|Any CPU
		{A20302FB-DAE3-4DD5-8309-80B3EFFC0842}.Debug|Any CPU.Build.0 = Debug|Any CPU
		{A20302FB-DAE3-4DD5-8309-80B3EFFC0842}.Debug|iPhone.ActiveCfg = Debug|Any CPU
		{A20302FB-DAE3-4DD5-8309-80B3EFFC0842}.Debug|iPhone.Build.0 = Debug|Any CPU
		{A20302FB-DAE3-4DD5-8309-80B3EFFC0842}.Debug|iPhoneSimulator.ActiveCfg = Debug|Any CPU
		{A20302FB-DAE3-4DD5-8309-80B3EFFC0842}.Debug|iPhoneSimulator.Build.0 = Debug|Any CPU
		{A20302FB-DAE3-4DD5-8309-80B3EFFC0842}.Release|Any CPU.ActiveCfg = Release|Any CPU
		{A20302FB-DAE3-4DD5-8309-80B3EFFC0842}.Release|Any CPU.Build.0 = Release|Any CPU
		{A20302FB-DAE3-4DD5-8309-80B3EFFC0842}.Release|iPhone.ActiveCfg = Release|Any CPU
		{A20302FB-DAE3-4DD5-8309-80B3EFFC0842}.Release|iPhone.Build.0 = Release|Any CPU
		{A20302FB-DAE3-4DD5-8309-80B3EFFC0842}.Release|iPhoneSimulator.ActiveCfg = Release|Any CPU
		{A20302FB-DAE3-4DD5-8309-80B3EFFC0842}.Release|iPhoneSimulator.Build.0 = Release|Any CPU
		{42F2E010-CB98-4FD9-B56C-0E7504A1CFDA}.Debug|Any CPU.ActiveCfg = Debug|Any CPU
		{42F2E010-CB98-4FD9-B56C-0E7504A1CFDA}.Debug|Any CPU.Build.0 = Debug|Any CPU
		{42F2E010-CB98-4FD9-B56C-0E7504A1CFDA}.Debug|iPhone.ActiveCfg = Debug|Any CPU
		{42F2E010-CB98-4FD9-B56C-0E7504A1CFDA}.Debug|iPhone.Build.0 = Debug|Any CPU
		{42F2E010-CB98-4FD9-B56C-0E7504A1CFDA}.Debug|iPhoneSimulator.ActiveCfg = Debug|Any CPU
		{42F2E010-CB98-4FD9-B56C-0E7504A1CFDA}.Debug|iPhoneSimulator.Build.0 = Debug|Any CPU
		{42F2E010-CB98-4FD9-B56C-0E7504A1CFDA}.Release|Any CPU.ActiveCfg = Release|Any CPU
		{42F2E010-CB98-4FD9-B56C-0E7504A1CFDA}.Release|Any CPU.Build.0 = Release|Any CPU
		{42F2E010-CB98-4FD9-B56C-0E7504A1CFDA}.Release|iPhone.ActiveCfg = Release|Any CPU
		{42F2E010-CB98-4FD9-B56C-0E7504A1CFDA}.Release|iPhone.Build.0 = Release|Any CPU
		{42F2E010-CB98-4FD9-B56C-0E7504A1CFDA}.Release|iPhoneSimulator.ActiveCfg = Release|Any CPU
		{42F2E010-CB98-4FD9-B56C-0E7504A1CFDA}.Release|iPhoneSimulator.Build.0 = Release|Any CPU
	EndGlobalSection
	GlobalSection(SolutionProperties) = preSolution
		HideSolutionNode = FALSE
	EndGlobalSection
	GlobalSection(ExtensibilityGlobals) = postSolution
		SolutionGuid = {A2D8CF8B-48C6-4E00-B18E-79DB5993EB67}
	EndGlobalSection
EndGlobal
